
Microsoft Visual Studio Solution File, Format Version 12.00
# Visual Studio Version 17
VisualStudioVersion = 17.4.33205.214
MinimumVisualStudioVersion = 10.0.40219.1
Project("{FAE04EC0-301F-11D3-BF4B-00C04F79EFBC}") = "Romertal", "Romertal.csproj", "{65BC9F6A-8E85-4A8A-B31F-FE13990B9530}"
EndProject
Global
	GlobalSection(SolutionConfigurationPlatforms) = preSolution
		Debug|Any CPU = Debug|Any CPU
		Release|Any CPU = Release|Any CPU
	EndGlobalSection
	GlobalSection(ProjectConfigurationPlatforms) = postSolution
		{65BC9F6A-8E85-4A8A-B31F-FE13990B9530}.Debug|Any CPU.ActiveCfg = Debug|Any CPU
		{65BC9F6A-8E85-4A8A-B31F-FE13990B9530}.Debug|Any CPU.Build.0 = Debug|Any CPU
		{65BC9F6A-8E85-4A8A-B31F-FE13990B9530}.Release|Any CPU.ActiveCfg = Release|Any CPU
		{65BC9F6A-8E85-4A8A-B31F-FE13990B9530}.Release|Any CPU.Build.0 = Release|Any CPU
	EndGlobalSection
	GlobalSection(SolutionProperties) = preSolution
		HideSolutionNode = FALSE
	EndGlobalSection
	GlobalSection(ExtensibilityGlobals) = postSolution
		SolutionGuid = {9C539B6D-9A6F-40D0-9086-55B9FC212498}
	EndGlobalSection
EndGlobal
